// !$*UTF8*$!
{
	archiveVersion = 1;
	classes = {
	};
	objectVersion = 46;
	objects = {

/* Begin PBXBuildFile section */
		3740F8D516A64882003D358B /* UIKit.framework in Frameworks */ = {isa = PBXBuildFile; fileRef = 3740F8D416A64882003D358B /* UIKit.framework */; };
		3740F8D716A64882003D358B /* Foundation.framework in Frameworks */ = {isa = PBXBuildFile; fileRef = 3740F8D616A64882003D358B /* Foundation.framework */; };
		3740F8D916A64882003D358B /* CoreGraphics.framework in Frameworks */ = {isa = PBXBuildFile; fileRef = 3740F8D816A64882003D358B /* CoreGraphics.framework */; };
		3740F8DF16A64882003D358B /* InfoPlist.strings in Resources */ = {isa = PBXBuildFile; fileRef = 3740F8DD16A64882003D358B /* InfoPlist.strings */; };
		3740F8E116A64882003D358B /* main.m in Sources */ = {isa = PBXBuildFile; fileRef = 3740F8E016A64882003D358B /* main.m */; };
		3740F8E516A64882003D358B /* AppDelegate.m in Sources */ = {isa = PBXBuildFile; fileRef = 3740F8E416A64882003D358B /* AppDelegate.m */; };
		3740F8E716A64882003D358B /* Default.png in Resources */ = {isa = PBXBuildFile; fileRef = 3740F8E616A64882003D358B /* Default.png */; };
		3740F8E916A64882003D358B /* Default@2x.png in Resources */ = {isa = PBXBuildFile; fileRef = 3740F8E816A64882003D358B /* Default@2x.png */; };
		3740F8EB16A64882003D358B /* Default-568h@2x.png in Resources */ = {isa = PBXBuildFile; fileRef = 3740F8EA16A64882003D358B /* Default-568h@2x.png */; };
/* End PBXBuildFile section */

/* Begin PBXFileReference section */
		3740F8D016A64882003D358B /* sampleGoogleAnalytics.app */ = {isa = PBXFileReference; explicitFileType = wrapper.application; includeInIndex = 0; path = sampleGoogleAnalytics.app; sourceTree = BUILT_PRODUCTS_DIR; };
		3740F8D416A64882003D358B /* UIKit.framework */ = {isa = PBXFileReference; lastKnownFileType = wrapper.framework; name = UIKit.framework; path = System/Library/Frameworks/UIKit.framework; sourceTree = SDKROOT; };
		3740F8D616A64882003D358B /* Foundation.framework */ = {isa = PBXFileReference; lastKnownFileType = wrapper.framework; name = Foundation.framework; path = System/Library/Frameworks/Foundation.framework; sourceTree = SDKROOT; };
		3740F8D816A64882003D358B /* CoreGraphics.framework */ = {isa = PBXFileReference; lastKnownFileType = wrapper.framework; name = CoreGraphics.framework; path = System/Library/Frameworks/CoreGraphics.framework; sourceTree = SDKROOT; };
		3740F8DC16A64882003D358B /* sampleGoogleAnalytics-Info.plist */ = {isa = PBXFileReference; lastKnownFileType = text.plist.xml; path = "sampleGoogleAnalytics-Info.plist"; sourceTree = "<group>"; };
		3740F8DE16A64882003D358B /* en */ = {isa = PBXFileReference; lastKnownFileType = text.plist.strings; name = en; path = en.lproj/InfoPlist.strings; sourceTree = "<group>"; };
		3740F8E016A64882003D358B /* main.m */ = {isa = PBXFileReference; lastKnownFileType = sourcecode.c.objc; path = main.m; sourceTree = "<group>"; };
		3740F8E216A64882003D358B /* sampleGoogleAnalytics-Prefix.pch */ = {isa = PBXFileReference; lastKnownFileType = sourcecode.c.h; path = "sampleGoogleAnalytics-Prefix.pch"; sourceTree = "<group>"; };
		3740F8E316A64882003D358B /* AppDelegate.h */ = {isa = PBXFileReference; lastKnownFileType = sourcecode.c.h; path = AppDelegate.h; sourceTree = "<group>"; };
		3740F8E416A64882003D358B /* AppDelegate.m */ = {isa = PBXFileReference; lastKnownFileType = sourcecode.c.objc; path = AppDelegate.m; sourceTree = "<group>"; };
		3740F8E616A64882003D358B /* Default.png */ = {isa = PBXFileReference; lastKnownFileType = image.png; path = Default.png; sourceTree = "<group>"; };
		3740F8E816A64882003D358B /* Default@2x.png */ = {isa = PBXFileReference; lastKnownFileType = image.png; path = "Default@2x.png"; sourceTree = "<group>"; };
		3740F8EA16A64882003D358B /* Default-568h@2x.png */ = {isa = PBXFileReference; lastKnownFileType = image.png; path = "Default-568h@2x.png"; sourceTree = "<group>"; };
/* End PBXFileReference section */

/* Begin PBXFrameworksBuildPhase section */
		3740F8CD16A64882003D358B /* Frameworks */ = {
			isa = PBXFrameworksBuildPhase;
			buildActionMask = 2147483647;
			files = (
				3740F8D516A64882003D358B /* UIKit.framework in Frameworks */,
				3740F8D716A64882003D358B /* Foundation.framework in Frameworks */,
				3740F8D916A64882003D358B /* CoreGraphics.framework in Frameworks */,
			);
			runOnlyForDeploymentPostprocessing = 0;
		};
/* End PBXFrameworksBuildPhase section */

/* Begin PBXGroup section */
		3740F8C516A64882003D358B = {
			isa = PBXGroup;
			children = (
				3740F8DA16A64882003D358B /* sampleGoogleAnalytics */,
				3740F8D316A64882003D358B /* Frameworks */,
				3740F8D116A64882003D358B /* Products */,
			);
			sourceTree = "<group>";
		};
		3740F8D116A64882003D358B /* Products */ = {
			isa = PBXGroup;
			children = (
				3740F8D016A64882003D358B /* sampleGoogleAnalytics.app */,
			);
			name = Products;
			sourceTree = "<group>";
		};
		3740F8D316A64882003D358B /* Frameworks */ = {
			isa = PBXGroup;
			children = (
				3740F8D416A64882003D358B /* UIKit.framework */,
				3740F8D616A64882003D358B /* Foundation.framework */,
				3740F8D816A64882003D358B /* CoreGraphics.framework */,
			);
			name = Frameworks;
			sourceTree = "<group>";
		};
		3740F8DA16A64882003D358B /* sampleGoogleAnalytics */ = {
			isa = PBXGroup;
			children = (
				3740F8E316A64882003D358B /* AppDelegate.h */,
				3740F8E416A64882003D358B /* AppDelegate.m */,
				3740F8DB16A64882003D358B /* Supporting Files */,
			);
			path = sampleGoogleAnalytics;
			sourceTree = "<group>";
		};
		3740F8DB16A64882003D358B /* Supporting Files */ = {
			isa = PBXGroup;
			children = (
				3740F8DC16A64882003D358B /* sampleGoogleAnalytics-Info.plist */,
				3740F8DD16A64882003D358B /* InfoPlist.strings */,
				3740F8E016A64882003D358B /* main.m */,
				3740F8E216A64882003D358B /* sampleGoogleAnalytics-Prefix.pch */,
				3740F8E616A64882003D358B /* Default.png */,
				3740F8E816A64882003D358B /* Default@2x.png */,
				3740F8EA16A64882003D358B /* Default-568h@2x.png */,
			);
			name = "Supporting Files";
			sourceTree = "<group>";
		};
/* End PBXGroup section */

/* Begin PBXNativeTarget section */
		3740F8CF16A64882003D358B /* sampleGoogleAnalytics */ = {
			isa = PBXNativeTarget;
			buildConfigurationList = 3740F8EE16A64882003D358B /* Build configuration list for PBXNativeTarget "sampleGoogleAnalytics" */;
			buildPhases = (
				3740F8CC16A64882003D358B /* Sources */,
				3740F8CD16A64882003D358B /* Frameworks */,
				3740F8CE16A64882003D358B /* Resources */,
			);
			buildRules = (
			);
			dependencies = (
			);
			name = sampleGoogleAnalytics;
			productName = sampleGoogleAnalytics;
			productReference = 3740F8D016A64882003D358B /* sampleGoogleAnalytics.app */;
			productType = "com.apple.product-type.application";
		};
/* End PBXNativeTarget section */

/* Begin PBXProject section */
		3740F8C716A64882003D358B /* Project object */ = {
			isa = PBXProject;
			attributes = {
				LastUpgradeCheck = 0450;
				ORGANIZATIONNAME = "Code BanBan";
			};
			buildConfigurationList = 3740F8CA16A64882003D358B /* Build configuration list for PBXProject "sampleGoogleAnalytics" */;
			compatibilityVersion = "Xcode 3.2";
			developmentRegion = English;
			hasScannedForEncodings = 0;
			knownRegions = (
				en,
			);
			mainGroup = 3740F8C516A64882003D358B;
			productRefGroup = 3740F8D116A64882003D358B /* Products */;
			projectDirPath = "";
			projectRoot = "";
			targets = (
				3740F8CF16A64882003D358B /* sampleGoogleAnalytics */,
			);
		};
/* End PBXProject section */

/* Begin PBXResourcesBuildPhase section */
		3740F8CE16A64882003D358B /* Resources */ = {
			isa = PBXResourcesBuildPhase;
			buildActionMask = 2147483647;
			files = (
				3740F8DF16A64882003D358B /* InfoPlist.strings in Resources */,
				3740F8E716A64882003D358B /* Default.png in Resources */,
				3740F8E916A64882003D358B /* Default@2x.png in Resources */,
				3740F8EB16A64882003D358B /* Default-568h@2x.png in Resources */,
			);
			runOnlyForDeploymentPostprocessing = 0;
		};
/* End PBXResourcesBuildPhase section */

/* Begin PBXSourcesBuildPhase section */
		3740F8CC16A64882003D358B /* Sources */ = {
			isa = PBXSourcesBuildPhase;
			buildActionMask = 2147483647;
			files = (
				3740F8E116A64882003D358B /* main.m in Sources */,
				3740F8E516A64882003D358B /* AppDelegate.m in Sources */,
			);
			runOnlyForDeploymentPostprocessing = 0;
		};
/* End PBXSourcesBuildPhase section */

/* Begin PBXVariantGroup section */
		3740F8DD16A64882003D358B /* InfoPlist.strings */ = {
			isa = PBXVariantGroup;
			children = (
				3740F8DE16A64882003D358B /* en */,
			);
			name = InfoPlist.strings;
			sourceTree = "<group>";
		};
/* End PBXVariantGroup section */

/* Begin XCBuildConfiguration section */
		3740F8EC16A64882003D358B /* Debug */ = {
			isa = XCBuildConfiguration;
			buildSettings = {
				ALWAYS_SEARCH_USER_PATHS = NO;
				CLANG_CXX_LANGUAGE_STANDARD = "gnu++0x";
				CLANG_CXX_LIBRARY = "libc++";
				CLANG_WARN_EMPTY_BODY = YES;
				CLANG_WARN__DUPLICATE_METHOD_MATCH = YES;
				"CODE_SIGN_IDENTITY[sdk=iphoneos*]" = "iPhone Developer";
				COPY_PHASE_STRIP = NO;
				GCC_C_LANGUAGE_STANDARD = gnu99;
				GCC_DYNAMIC_NO_PIC = NO;
				GCC_OPTIMIZATION_LEVEL = 0;
				GCC_PREPROCESSOR_DEFINITIONS = (
					"DEBUG=1",
					"$(inherited)",
				);
				GCC_SYMBOLS_PRIVATE_EXTERN = NO;
				GCC_WARN_ABOUT_RETURN_TYPE = YES;
				GCC_WARN_UNINITIALIZED_AUTOS = YES;
				GCC_WARN_UNUSED_VARIABLE = YES;
				IPHONEOS_DEPLOYMENT_TARGET = 6.0;
				ONLY_ACTIVE_ARCH = YES;
				SDKROOT = iphoneos;
			};
			name = Debug;
		};
		3740F8ED16A64882003D358B /* Release */ = {
			isa = XCBuildConfiguration;
			buildSettings = {
				ALWAYS_SEARCH_USER_PATHS = NO;
				CLANG_CXX_LANGUAGE_STANDARD = "gnu++0x";
				CLANG_CXX_LIBRARY = "libc++";
				CLANG_WARN_EMPTY_BODY = YES;
				CLANG_WARN__DUPLICATE_METHOD_MATCH = YES;
				"CODE_SIGN_IDENTITY[sdk=iphoneos*]" = "iPhone Developer";
				COPY_PHASE_STRIP = YES;
				GCC_C_LANGUAGE_STANDARD = gnu99;
				GCC_WARN_ABOUT_RETURN_TYPE = YES;
				GCC_WARN_UNINITIALIZED_AUTOS = YES;
				GCC_WARN_UNUSED_VARIABLE = YES;
				IPHONEOS_DEPLOYMENT_TARGET = 6.0;
				OTHER_CFLAGS = "-DNS_BLOCK_ASSERTIONS=1";
				SDKROOT = iphoneos;
				VALIDATE_PRODUCT = YES;
			};
			name = Release;
		};
		3740F8EF16A64882003D358B /* Debug */ = {
			isa = XCBuildConfiguration;
			buildSettings = {
				GCC_PRECOMPILE_PREFIX_HEADER = YES;
				GCC_PREFIX_HEADER = "sampleGoogleAnalytics/sampleGoogleAnalytics-Prefix.pch";
				INFOPLIST_FILE = "sampleGoogleAnalytics/sampleGoogleAnalytics-Info.plist";
				PRODUCT_NAME = "$(TARGET_NAME)";
				WRAPPER_EXTENSION = app;
			};
			name = Debug;
		};
		3740F8F016A64882003D358B /* Release */ = {
			isa = XCBuildConfiguration;
			buildSettings = {
				GCC_PRECOMPILE_PREFIX_HEADER = YES;
				GCC_PREFIX_HEADER = "sampleGoogleAnalytics/sampleGoogleAnalytics-Prefix.pch";
				INFOPLIST_FILE = "sampleGoogleAnalytics/sampleGoogleAnalytics-Info.plist";
				PRODUCT_NAME = "$(TARGET_NAME)";
				WRAPPER_EXTENSION = app;
			};
			name = Release;
		};
/* End XCBuildConfiguration section */

/* Begin XCConfigurationList section */
		3740F8CA16A64882003D358B /* Build configuration list for PBXProject "sampleGoogleAnalytics" */ = {
			isa = XCConfigurationList;
			buildConfigurations = (
				3740F8EC16A64882003D358B /* Debug */,
				3740F8ED16A64882003D358B /* Release */,
			);
			defaultConfigurationIsVisible = 0;
			defaultConfigurationName = Release;
		};
		3740F8EE16A64882003D358B /* Build configuration list for PBXNativeTarget "sampleGoogleAnalytics" */ = {
			isa = XCConfigurationList;
			buildConfigurations = (
				3740F8EF16A64882003D358B /* Debug */,
				3740F8F016A64882003D358B /* Release */,
			);
			defaultConfigurationIsVisible = 0;
		};
/* End XCConfigurationList section */
	};
	rootObject = 3740F8C716A64882003D358B /* Project object */;
}
